
Microsoft Visual Studio Solution File, Format Version 12.00
Project("{FAE04EC0-301F-11D3-BF4B-00C04F79EFBC}") = "Vaje6", "Vaje6\Vaje6.csproj", "{980A666C-A5E3-4D8A-A39E-1DA81F5553DB}"
EndProject
Global
	GlobalSection(SolutionConfigurationPlatforms) = preSolution
		Debug|Any CPU = Debug|Any CPU
		Release|Any CPU = Release|Any CPU
	EndGlobalSection
	GlobalSection(ProjectConfigurationPlatforms) = postSolution
		{980A666C-A5E3-4D8A-A39E-1DA81F5553DB}.Debug|Any CPU.ActiveCfg = Debug|Any CPU
		{980A666C-A5E3-4D8A-A39E-1DA81F5553DB}.Debug|Any CPU.Build.0 = Debug|Any CPU
		{980A666C-A5E3-4D8A-A39E-1DA81F5553DB}.Release|Any CPU.ActiveCfg = Release|Any CPU
		{980A666C-A5E3-4D8A-A39E-1DA81F5553DB}.Release|Any CPU.Build.0 = Release|Any CPU
	EndGlobalSection
EndGlobal
