
Microsoft Visual Studio Solution File, Format Version 12.00
Project("{FAE04EC0-301F-11D3-BF4B-00C04F79EFBC}") = "Kolokvij2014", "Kolokvij2014\Kolokvij2014.csproj", "{0D7B7F40-75A6-44CC-B7DA-7E6274DB1F7D}"
EndProject
Global
	GlobalSection(SolutionConfigurationPlatforms) = preSolution
		Debug|Any CPU = Debug|Any CPU
		Release|Any CPU = Release|Any CPU
	EndGlobalSection
	GlobalSection(ProjectConfigurationPlatforms) = postSolution
		{0D7B7F40-75A6-44CC-B7DA-7E6274DB1F7D}.Debug|Any CPU.ActiveCfg = Debug|Any CPU
		{0D7B7F40-75A6-44CC-B7DA-7E6274DB1F7D}.Debug|Any CPU.Build.0 = Debug|Any CPU
		{0D7B7F40-75A6-44CC-B7DA-7E6274DB1F7D}.Release|Any CPU.ActiveCfg = Release|Any CPU
		{0D7B7F40-75A6-44CC-B7DA-7E6274DB1F7D}.Release|Any CPU.Build.0 = Release|Any CPU
	EndGlobalSection
EndGlobal
