
Microsoft Visual Studio Solution File, Format Version 12.00
Project("{FAE04EC0-301F-11D3-BF4B-00C04F79EFBC}") = "Kolokvij2020B", "Kolokvij2020B\Kolokvij2020B.csproj", "{2802ECD0-7308-461E-AE90-B7EC98ED4568}"
EndProject
Global
	GlobalSection(SolutionConfigurationPlatforms) = preSolution
		Debug|Any CPU = Debug|Any CPU
		Release|Any CPU = Release|Any CPU
	EndGlobalSection
	GlobalSection(ProjectConfigurationPlatforms) = postSolution
		{2802ECD0-7308-461E-AE90-B7EC98ED4568}.Debug|Any CPU.ActiveCfg = Debug|Any CPU
		{2802ECD0-7308-461E-AE90-B7EC98ED4568}.Debug|Any CPU.Build.0 = Debug|Any CPU
		{2802ECD0-7308-461E-AE90-B7EC98ED4568}.Release|Any CPU.ActiveCfg = Release|Any CPU
		{2802ECD0-7308-461E-AE90-B7EC98ED4568}.Release|Any CPU.Build.0 = Release|Any CPU
	EndGlobalSection
EndGlobal
