
Microsoft Visual Studio Solution File, Format Version 12.00
Project("{FAE04EC0-301F-11D3-BF4B-00C04F79EFBC}") = "Gasilec", "Gasilec\Gasilec.csproj", "{6DDBEABD-2805-49EC-9C6E-7E75FD53D48A}"
EndProject
Global
	GlobalSection(SolutionConfigurationPlatforms) = preSolution
		Debug|Any CPU = Debug|Any CPU
		Release|Any CPU = Release|Any CPU
	EndGlobalSection
	GlobalSection(ProjectConfigurationPlatforms) = postSolution
		{6DDBEABD-2805-49EC-9C6E-7E75FD53D48A}.Debug|Any CPU.ActiveCfg = Debug|Any CPU
		{6DDBEABD-2805-49EC-9C6E-7E75FD53D48A}.Debug|Any CPU.Build.0 = Debug|Any CPU
		{6DDBEABD-2805-49EC-9C6E-7E75FD53D48A}.Release|Any CPU.ActiveCfg = Release|Any CPU
		{6DDBEABD-2805-49EC-9C6E-7E75FD53D48A}.Release|Any CPU.Build.0 = Release|Any CPU
	EndGlobalSection
EndGlobal
