
Microsoft Visual Studio Solution File, Format Version 12.00
Project("{FAE04EC0-301F-11D3-BF4B-00C04F79EFBC}") = "Vaje1", "Vaje1\Vaje1.csproj", "{56135166-BDA0-4329-A432-5BA271C5A4CF}"
EndProject
Global
	GlobalSection(SolutionConfigurationPlatforms) = preSolution
		Debug|Any CPU = Debug|Any CPU
		Release|Any CPU = Release|Any CPU
	EndGlobalSection
	GlobalSection(ProjectConfigurationPlatforms) = postSolution
		{56135166-BDA0-4329-A432-5BA271C5A4CF}.Debug|Any CPU.ActiveCfg = Debug|Any CPU
		{56135166-BDA0-4329-A432-5BA271C5A4CF}.Debug|Any CPU.Build.0 = Debug|Any CPU
		{56135166-BDA0-4329-A432-5BA271C5A4CF}.Release|Any CPU.ActiveCfg = Release|Any CPU
		{56135166-BDA0-4329-A432-5BA271C5A4CF}.Release|Any CPU.Build.0 = Release|Any CPU
	EndGlobalSection
EndGlobal
