
Microsoft Visual Studio Solution File, Format Version 12.00
Project("{FAE04EC0-301F-11D3-BF4B-00C04F79EFBC}") = "Vaje4", "Vaje4\Vaje4.csproj", "{DFC80E49-5DA2-49BE-9F2B-7ABBCCFCE4B9}"
EndProject
Global
	GlobalSection(SolutionConfigurationPlatforms) = preSolution
		Debug|Any CPU = Debug|Any CPU
		Release|Any CPU = Release|Any CPU
	EndGlobalSection
	GlobalSection(ProjectConfigurationPlatforms) = postSolution
		{DFC80E49-5DA2-49BE-9F2B-7ABBCCFCE4B9}.Debug|Any CPU.ActiveCfg = Debug|Any CPU
		{DFC80E49-5DA2-49BE-9F2B-7ABBCCFCE4B9}.Debug|Any CPU.Build.0 = Debug|Any CPU
		{DFC80E49-5DA2-49BE-9F2B-7ABBCCFCE4B9}.Release|Any CPU.ActiveCfg = Release|Any CPU
		{DFC80E49-5DA2-49BE-9F2B-7ABBCCFCE4B9}.Release|Any CPU.Build.0 = Release|Any CPU
	EndGlobalSection
EndGlobal
