
Microsoft Visual Studio Solution File, Format Version 12.00
Project("{FAE04EC0-301F-11D3-BF4B-00C04F79EFBC}") = "ZglediOsnovnihRazredov", "ZglediOsnovnihRazredov\ZglediOsnovnihRazredov.csproj", "{F1E9CBB4-B0B3-4450-9A70-0080B6FEA830}"
EndProject
Global
	GlobalSection(SolutionConfigurationPlatforms) = preSolution
		Debug|Any CPU = Debug|Any CPU
		Release|Any CPU = Release|Any CPU
	EndGlobalSection
	GlobalSection(ProjectConfigurationPlatforms) = postSolution
		{F1E9CBB4-B0B3-4450-9A70-0080B6FEA830}.Debug|Any CPU.ActiveCfg = Debug|Any CPU
		{F1E9CBB4-B0B3-4450-9A70-0080B6FEA830}.Debug|Any CPU.Build.0 = Debug|Any CPU
		{F1E9CBB4-B0B3-4450-9A70-0080B6FEA830}.Release|Any CPU.ActiveCfg = Release|Any CPU
		{F1E9CBB4-B0B3-4450-9A70-0080B6FEA830}.Release|Any CPU.Build.0 = Release|Any CPU
	EndGlobalSection
EndGlobal
