
Microsoft Visual Studio Solution File, Format Version 12.00
Project("{FAE04EC0-301F-11D3-BF4B-00C04F79EFBC}") = "Predavanje2", "Predavanje2\Predavanje2.csproj", "{B8D351F4-E1CA-4F65-82B0-6319AA13432C}"
EndProject
Global
	GlobalSection(SolutionConfigurationPlatforms) = preSolution
		Debug|Any CPU = Debug|Any CPU
		Release|Any CPU = Release|Any CPU
	EndGlobalSection
	GlobalSection(ProjectConfigurationPlatforms) = postSolution
		{B8D351F4-E1CA-4F65-82B0-6319AA13432C}.Debug|Any CPU.ActiveCfg = Debug|Any CPU
		{B8D351F4-E1CA-4F65-82B0-6319AA13432C}.Debug|Any CPU.Build.0 = Debug|Any CPU
		{B8D351F4-E1CA-4F65-82B0-6319AA13432C}.Release|Any CPU.ActiveCfg = Release|Any CPU
		{B8D351F4-E1CA-4F65-82B0-6319AA13432C}.Release|Any CPU.Build.0 = Release|Any CPU
	EndGlobalSection
EndGlobal
