
Microsoft Visual Studio Solution File, Format Version 12.00
Project("{FAE04EC0-301F-11D3-BF4B-00C04F79EFBC}") = "Valute", "Valute\Valute.csproj", "{3F30ED9B-D269-457E-BD68-2172C371FA7F}"
EndProject
Global
	GlobalSection(SolutionConfigurationPlatforms) = preSolution
		Debug|Any CPU = Debug|Any CPU
		Release|Any CPU = Release|Any CPU
	EndGlobalSection
	GlobalSection(ProjectConfigurationPlatforms) = postSolution
		{3F30ED9B-D269-457E-BD68-2172C371FA7F}.Debug|Any CPU.ActiveCfg = Debug|Any CPU
		{3F30ED9B-D269-457E-BD68-2172C371FA7F}.Debug|Any CPU.Build.0 = Debug|Any CPU
		{3F30ED9B-D269-457E-BD68-2172C371FA7F}.Release|Any CPU.ActiveCfg = Release|Any CPU
		{3F30ED9B-D269-457E-BD68-2172C371FA7F}.Release|Any CPU.Build.0 = Release|Any CPU
	EndGlobalSection
EndGlobal
