
Microsoft Visual Studio Solution File, Format Version 12.00
Project("{FAE04EC0-301F-11D3-BF4B-00C04F79EFBC}") = "Kolokvij2015", "Kolokvij2015\Kolokvij2015.csproj", "{86A17641-35E9-45C4-A209-1EC5726B07C1}"
EndProject
Global
	GlobalSection(SolutionConfigurationPlatforms) = preSolution
		Debug|Any CPU = Debug|Any CPU
		Release|Any CPU = Release|Any CPU
	EndGlobalSection
	GlobalSection(ProjectConfigurationPlatforms) = postSolution
		{86A17641-35E9-45C4-A209-1EC5726B07C1}.Debug|Any CPU.ActiveCfg = Debug|Any CPU
		{86A17641-35E9-45C4-A209-1EC5726B07C1}.Debug|Any CPU.Build.0 = Debug|Any CPU
		{86A17641-35E9-45C4-A209-1EC5726B07C1}.Release|Any CPU.ActiveCfg = Release|Any CPU
		{86A17641-35E9-45C4-A209-1EC5726B07C1}.Release|Any CPU.Build.0 = Release|Any CPU
	EndGlobalSection
EndGlobal
