
Microsoft Visual Studio Solution File, Format Version 12.00
Project("{FAE04EC0-301F-11D3-BF4B-00C04F79EFBC}") = "Kolokvij2019C", "Kolokvij2019C\Kolokvij2019C.csproj", "{C8D532F7-8CAC-40C6-AF86-5FA0727780D6}"
EndProject
Global
	GlobalSection(SolutionConfigurationPlatforms) = preSolution
		Debug|Any CPU = Debug|Any CPU
		Release|Any CPU = Release|Any CPU
	EndGlobalSection
	GlobalSection(ProjectConfigurationPlatforms) = postSolution
		{C8D532F7-8CAC-40C6-AF86-5FA0727780D6}.Debug|Any CPU.ActiveCfg = Debug|Any CPU
		{C8D532F7-8CAC-40C6-AF86-5FA0727780D6}.Debug|Any CPU.Build.0 = Debug|Any CPU
		{C8D532F7-8CAC-40C6-AF86-5FA0727780D6}.Release|Any CPU.ActiveCfg = Release|Any CPU
		{C8D532F7-8CAC-40C6-AF86-5FA0727780D6}.Release|Any CPU.Build.0 = Release|Any CPU
	EndGlobalSection
EndGlobal
