
Microsoft Visual Studio Solution File, Format Version 12.00
Project("{FAE04EC0-301F-11D3-BF4B-00C04F79EFBC}") = "Kolokvij2016", "Kolokvij2016\Kolokvij2016.csproj", "{1A44B6BE-41D8-4E4B-B3A5-D5467E82A3D1}"
EndProject
Global
	GlobalSection(SolutionConfigurationPlatforms) = preSolution
		Debug|Any CPU = Debug|Any CPU
		Release|Any CPU = Release|Any CPU
	EndGlobalSection
	GlobalSection(ProjectConfigurationPlatforms) = postSolution
		{1A44B6BE-41D8-4E4B-B3A5-D5467E82A3D1}.Debug|Any CPU.ActiveCfg = Debug|Any CPU
		{1A44B6BE-41D8-4E4B-B3A5-D5467E82A3D1}.Debug|Any CPU.Build.0 = Debug|Any CPU
		{1A44B6BE-41D8-4E4B-B3A5-D5467E82A3D1}.Release|Any CPU.ActiveCfg = Release|Any CPU
		{1A44B6BE-41D8-4E4B-B3A5-D5467E82A3D1}.Release|Any CPU.Build.0 = Release|Any CPU
	EndGlobalSection
EndGlobal
