
Microsoft Visual Studio Solution File, Format Version 12.00
Project("{FAE04EC0-301F-11D3-BF4B-00C04F79EFBC}") = "ObelavaDatoteke", "ObelavaDatoteke\ObelavaDatoteke.csproj", "{C003BEAB-346B-49AB-91D5-6BA35B68EAF2}"
EndProject
Global
	GlobalSection(SolutionConfigurationPlatforms) = preSolution
		Debug|Any CPU = Debug|Any CPU
		Release|Any CPU = Release|Any CPU
	EndGlobalSection
	GlobalSection(ProjectConfigurationPlatforms) = postSolution
		{C003BEAB-346B-49AB-91D5-6BA35B68EAF2}.Debug|Any CPU.ActiveCfg = Debug|Any CPU
		{C003BEAB-346B-49AB-91D5-6BA35B68EAF2}.Debug|Any CPU.Build.0 = Debug|Any CPU
		{C003BEAB-346B-49AB-91D5-6BA35B68EAF2}.Release|Any CPU.ActiveCfg = Release|Any CPU
		{C003BEAB-346B-49AB-91D5-6BA35B68EAF2}.Release|Any CPU.Build.0 = Release|Any CPU
	EndGlobalSection
EndGlobal
